
Microsoft Visual Studio Solution File, Format Version 12.00
# Visual Studio 15
VisualStudioVersion = 15.0.26228.9
MinimumVisualStudioVersion = 10.0.40219.1
Project("{FAE04EC0-301F-11D3-BF4B-00C04F79EFBC}") = "RealWorldDocumentDB.Web", "src\RealWorldDocumentDB.Web\RealWorldDocumentDB.Web.csproj", "{5A8A5E7D-0F90-49EF-B1A1-04DF422346F1}"
EndProject
Project("{FAE04EC0-301F-11D3-BF4B-00C04F79EFBC}") = "RealWorldDocumentDB.Data", "src\RealWorldDocumentDB.Data\RealWorldDocumentDB.Data.csproj", "{47984B6C-46D2-4786-853B-2A12591F10DD}"
EndProject
Global
	GlobalSection(SolutionConfigurationPlatforms) = preSolution
		Debug|Any CPU = Debug|Any CPU
		Release|Any CPU = Release|Any CPU
	EndGlobalSection
	GlobalSection(ProjectConfigurationPlatforms) = postSolution
		{5A8A5E7D-0F90-49EF-B1A1-04DF422346F1}.Debug|Any CPU.ActiveCfg = Debug|Any CPU
		{5A8A5E7D-0F90-49EF-B1A1-04DF422346F1}.Debug|Any CPU.Build.0 = Debug|Any CPU
		{5A8A5E7D-0F90-49EF-B1A1-04DF422346F1}.Release|Any CPU.ActiveCfg = Release|Any CPU
		{5A8A5E7D-0F90-49EF-B1A1-04DF422346F1}.Release|Any CPU.Build.0 = Release|Any CPU
		{47984B6C-46D2-4786-853B-2A12591F10DD}.Debug|Any CPU.ActiveCfg = Debug|Any CPU
		{47984B6C-46D2-4786-853B-2A12591F10DD}.Debug|Any CPU.Build.0 = Debug|Any CPU
		{47984B6C-46D2-4786-853B-2A12591F10DD}.Release|Any CPU.ActiveCfg = Release|Any CPU
		{47984B6C-46D2-4786-853B-2A12591F10DD}.Release|Any CPU.Build.0 = Release|Any CPU
	EndGlobalSection
	GlobalSection(SolutionProperties) = preSolution
		HideSolutionNode = FALSE
	EndGlobalSection
EndGlobal
